
Microsoft Visual Studio Solution File, Format Version 12.00
# Visual Studio 2012
Project("{FAE04EC0-301F-11D3-BF4B-00C04F79EFBC}") = "eCPU", "eCPU\eCPU.csproj", "{8F890270-3047-4FA8-9BA2-422B1F82E665}"
EndProject
Project("{FAE04EC0-301F-11D3-BF4B-00C04F79EFBC}") = "eCPUUnitTests", "eCPUUnitTests\eCPUUnitTests.csproj", "{D389F7F9-7668-4DC8-B193-58692B9BB2E5}"
EndProject
Global
	GlobalSection(SolutionConfigurationPlatforms) = preSolution
		Debug|Any CPU = Debug|Any CPU
		Release|Any CPU = Release|Any CPU
	EndGlobalSection
	GlobalSection(ProjectConfigurationPlatforms) = postSolution
		{8F890270-3047-4FA8-9BA2-422B1F82E665}.Debug|Any CPU.ActiveCfg = Debug|Any CPU
		{8F890270-3047-4FA8-9BA2-422B1F82E665}.Debug|Any CPU.Build.0 = Debug|Any CPU
		{8F890270-3047-4FA8-9BA2-422B1F82E665}.Release|Any CPU.ActiveCfg = Release|Any CPU
		{8F890270-3047-4FA8-9BA2-422B1F82E665}.Release|Any CPU.Build.0 = Release|Any CPU
		{D389F7F9-7668-4DC8-B193-58692B9BB2E5}.Debug|Any CPU.ActiveCfg = Debug|Any CPU
		{D389F7F9-7668-4DC8-B193-58692B9BB2E5}.Debug|Any CPU.Build.0 = Debug|Any CPU
		{D389F7F9-7668-4DC8-B193-58692B9BB2E5}.Release|Any CPU.ActiveCfg = Release|Any CPU
		{D389F7F9-7668-4DC8-B193-58692B9BB2E5}.Release|Any CPU.Build.0 = Release|Any CPU
	EndGlobalSection
	GlobalSection(SolutionProperties) = preSolution
		HideSolutionNode = FALSE
	EndGlobalSection
EndGlobal
